
Microsoft Visual Studio Solution File, Format Version 12.00
# Visual Studio Version 16
VisualStudioVersion = 16.0.30717.126
MinimumVisualStudioVersion = 10.0.40219.1
Project("{FAE04EC0-301F-11D3-BF4B-00C04F79EFBC}") = "CodingChallengeFromBaxter", "CodingChallengeFromBaxter\CodingChallengeFromBaxter.csproj", "{D6074CC5-1A7A-4946-A261-A6A7BA323D57}"
EndProject
Project("{FAE04EC0-301F-11D3-BF4B-00C04F79EFBC}") = "CodingChallenge.DataAccess", "CodingChallenge.DataAccess\CodingChallenge.DataAccess.csproj", "{566556DD-9B48-417E-976D-7EF3DCF333FA}"
EndProject
Project("{FAE04EC0-301F-11D3-BF4B-00C04F79EFBC}") = "CodingChallenge.Entities", "CodingChallenge.Entities\CodingChallenge.Entities.csproj", "{2F58E013-66ED-4EF5-BBB5-D2488AD585E8}"
EndProject
Global
	GlobalSection(SolutionConfigurationPlatforms) = preSolution
		Debug|Any CPU = Debug|Any CPU
		Release|Any CPU = Release|Any CPU
	EndGlobalSection
	GlobalSection(ProjectConfigurationPlatforms) = postSolution
		{D6074CC5-1A7A-4946-A261-A6A7BA323D57}.Debug|Any CPU.ActiveCfg = Debug|Any CPU
		{D6074CC5-1A7A-4946-A261-A6A7BA323D57}.Debug|Any CPU.Build.0 = Debug|Any CPU
		{D6074CC5-1A7A-4946-A261-A6A7BA323D57}.Release|Any CPU.ActiveCfg = Release|Any CPU
		{D6074CC5-1A7A-4946-A261-A6A7BA323D57}.Release|Any CPU.Build.0 = Release|Any CPU
		{566556DD-9B48-417E-976D-7EF3DCF333FA}.Debug|Any CPU.ActiveCfg = Debug|Any CPU
		{566556DD-9B48-417E-976D-7EF3DCF333FA}.Debug|Any CPU.Build.0 = Debug|Any CPU
		{566556DD-9B48-417E-976D-7EF3DCF333FA}.Release|Any CPU.ActiveCfg = Release|Any CPU
		{566556DD-9B48-417E-976D-7EF3DCF333FA}.Release|Any CPU.Build.0 = Release|Any CPU
		{2F58E013-66ED-4EF5-BBB5-D2488AD585E8}.Debug|Any CPU.ActiveCfg = Debug|Any CPU
		{2F58E013-66ED-4EF5-BBB5-D2488AD585E8}.Debug|Any CPU.Build.0 = Debug|Any CPU
		{2F58E013-66ED-4EF5-BBB5-D2488AD585E8}.Release|Any CPU.ActiveCfg = Release|Any CPU
		{2F58E013-66ED-4EF5-BBB5-D2488AD585E8}.Release|Any CPU.Build.0 = Release|Any CPU
	EndGlobalSection
	GlobalSection(SolutionProperties) = preSolution
		HideSolutionNode = FALSE
	EndGlobalSection
	GlobalSection(ExtensibilityGlobals) = postSolution
		SolutionGuid = {824B248B-8BE5-4DE7-9952-CFEFF1CE5490}
	EndGlobalSection
EndGlobal
